
Microsoft Visual Studio Solution File, Format Version 11.00
# Visual C++ Express 2010
Project("{8BC9CEB8-8B4A-11D0-8D11-00A0C91BC942}") = "hw4", "hw4.vcxproj", "{4427834E-8437-41C4-92A3-990341090E5E}"
EndProject
Global
	GlobalSection(SolutionConfigurationPlatforms) = preSolution
		Debug|Win32 = Debug|Win32
		Release|Win32 = Release|Win32
	EndGlobalSection
	GlobalSection(ProjectConfigurationPlatforms) = postSolution
		{4427834E-8437-41C4-92A3-990341090E5E}.Debug|Win32.ActiveCfg = Debug|Win32
		{4427834E-8437-41C4-92A3-990341090E5E}.Debug|Win32.Build.0 = Debug|Win32
		{4427834E-8437-41C4-92A3-990341090E5E}.Release|Win32.ActiveCfg = Release|Win32
		{4427834E-8437-41C4-92A3-990341090E5E}.Release|Win32.Build.0 = Release|Win32
	EndGlobalSection
	GlobalSection(SolutionProperties) = preSolution
		HideSolutionNode = FALSE
	EndGlobalSection
EndGlobal
