
Microsoft Visual Studio Solution File, Format Version 11.00
# Visual C++ Express 2010
Project("{8BC9CEB8-8B4A-11D0-8D11-00A0C91BC942}") = "project6", "project6.vcxproj", "{13DE367D-1886-49B0-8B78-0A01155F133F}"
EndProject
Global
	GlobalSection(SolutionConfigurationPlatforms) = preSolution
		Debug|Win32 = Debug|Win32
		Release|Win32 = Release|Win32
	EndGlobalSection
	GlobalSection(ProjectConfigurationPlatforms) = postSolution
		{13DE367D-1886-49B0-8B78-0A01155F133F}.Debug|Win32.ActiveCfg = Debug|Win32
		{13DE367D-1886-49B0-8B78-0A01155F133F}.Debug|Win32.Build.0 = Debug|Win32
		{13DE367D-1886-49B0-8B78-0A01155F133F}.Release|Win32.ActiveCfg = Release|Win32
		{13DE367D-1886-49B0-8B78-0A01155F133F}.Release|Win32.Build.0 = Release|Win32
	EndGlobalSection
	GlobalSection(SolutionProperties) = preSolution
		HideSolutionNode = FALSE
	EndGlobalSection
EndGlobal
