
Microsoft Visual Studio Solution File, Format Version 11.00
# Visual C++ Express 2010
Project("{8BC9CEB8-8B4A-11D0-8D11-00A0C91BC942}") = "project7", "project7.vcxproj", "{A0AD8D24-7489-4BC0-ACCD-0885BDAE527D}"
EndProject
Global
	GlobalSection(SolutionConfigurationPlatforms) = preSolution
		Debug|Win32 = Debug|Win32
		Release|Win32 = Release|Win32
	EndGlobalSection
	GlobalSection(ProjectConfigurationPlatforms) = postSolution
		{A0AD8D24-7489-4BC0-ACCD-0885BDAE527D}.Debug|Win32.ActiveCfg = Debug|Win32
		{A0AD8D24-7489-4BC0-ACCD-0885BDAE527D}.Debug|Win32.Build.0 = Debug|Win32
		{A0AD8D24-7489-4BC0-ACCD-0885BDAE527D}.Release|Win32.ActiveCfg = Release|Win32
		{A0AD8D24-7489-4BC0-ACCD-0885BDAE527D}.Release|Win32.Build.0 = Release|Win32
	EndGlobalSection
	GlobalSection(SolutionProperties) = preSolution
		HideSolutionNode = FALSE
	EndGlobalSection
EndGlobal
