
Microsoft Visual Studio Solution File, Format Version 11.00
# Visual C++ Express 2010
Project("{8BC9CEB8-8B4A-11D0-8D11-00A0C91BC942}") = "hw2", "hw2.vcxproj", "{B7D11CC2-4DFF-4BE5-A3EE-E0E21EB67222}"
EndProject
Global
	GlobalSection(SolutionConfigurationPlatforms) = preSolution
		Debug|Win32 = Debug|Win32
		Release|Win32 = Release|Win32
	EndGlobalSection
	GlobalSection(ProjectConfigurationPlatforms) = postSolution
		{B7D11CC2-4DFF-4BE5-A3EE-E0E21EB67222}.Debug|Win32.ActiveCfg = Debug|Win32
		{B7D11CC2-4DFF-4BE5-A3EE-E0E21EB67222}.Debug|Win32.Build.0 = Debug|Win32
		{B7D11CC2-4DFF-4BE5-A3EE-E0E21EB67222}.Release|Win32.ActiveCfg = Release|Win32
		{B7D11CC2-4DFF-4BE5-A3EE-E0E21EB67222}.Release|Win32.Build.0 = Release|Win32
	EndGlobalSection
	GlobalSection(SolutionProperties) = preSolution
		HideSolutionNode = FALSE
	EndGlobalSection
EndGlobal
